
Microsoft Visual Studio Solution File, Format Version 12.00
# Visual Studio Version 16
VisualStudioVersion = 16.0.31515.178
MinimumVisualStudioVersion = 10.0.40219.1
Project("{FAE04EC0-301F-11D3-BF4B-00C04F79EFBC}") = "Senai.Rental.WebApi", "Senai.Rental.WebApi\Senai.Rental.WebApi.csproj", "{8E5F64AF-2225-4222-BA6F-E1D0CE6705DA}"
EndProject
Global
	GlobalSection(SolutionConfigurationPlatforms) = preSolution
		Debug|Any CPU = Debug|Any CPU
		Release|Any CPU = Release|Any CPU
	EndGlobalSection
	GlobalSection(ProjectConfigurationPlatforms) = postSolution
		{8E5F64AF-2225-4222-BA6F-E1D0CE6705DA}.Debug|Any CPU.ActiveCfg = Debug|Any CPU
		{8E5F64AF-2225-4222-BA6F-E1D0CE6705DA}.Debug|Any CPU.Build.0 = Debug|Any CPU
		{8E5F64AF-2225-4222-BA6F-E1D0CE6705DA}.Release|Any CPU.ActiveCfg = Release|Any CPU
		{8E5F64AF-2225-4222-BA6F-E1D0CE6705DA}.Release|Any CPU.Build.0 = Release|Any CPU
	EndGlobalSection
	GlobalSection(SolutionProperties) = preSolution
		HideSolutionNode = FALSE
	EndGlobalSection
	GlobalSection(ExtensibilityGlobals) = postSolution
		SolutionGuid = {1967DB51-C209-429A-8821-DE39E851F4DA}
	EndGlobalSection
EndGlobal
